<?xml version="1.0" encoding="utf-8"?>
<Project ToolsVersion="4.0" xmlns="http://schemas.microsoft.com/developer/msbuild/2003">
  <ItemGroup>
    <Filter Include="源文件">
      <UniqueIdentifier>{4FC737F1-C7A5-4376-A066-2A32D752A2FF}</UniqueIdentifier>
      <Extensions>cpp;c;cc;cxx;def;odl;idl;hpj;bat;asm;asmx</Extensions>
    </Filter>
    <Filter Include="头文件">
      <UniqueIdentifier>{93995380-89BD-4b04-88EB-625FBE52EBFB}</UniqueIdentifier>
      <Extensions>h;hh;hpp;hxx;hm;inl;inc;ipp;xsd</Extensions>
    </Filter>
    <Filter Include="资源文件">
      <UniqueIdentifier>{67DA6AB6-F800-4c08-8B7A-83BB121AAD01}</UniqueIdentifier>
      <Extensions>rc;ico;cur;bmp;dlg;rc2;rct;bin;rgs;gif;jpg;jpeg;jpe;resx;tiff;tif;png;wav;mfcribbon-ms</Extensions>
    </Filter>
    <Filter Include="头文件\SlideRead">
      <UniqueIdentifier>{b57aeeff-00ca-42ef-9271-de9e499347e4}</UniqueIdentifier>
    </Filter>
    <Filter Include="源文件\SlideRead">
      <UniqueIdentifier>{0c38330e-f122-4650-bdf5-171f7c41749d}</UniqueIdentifier>
    </Filter>
  </ItemGroup>
  <ItemGroup>
    <ClCompile Include="main.cpp">
      <Filter>源文件</Filter>
    </ClCompile>
    <ClCompile Include="Registration.cpp">
      <Filter>源文件</Filter>
    </ClCompile>
    <ClCompile Include="commonFunction.cpp">
      <Filter>源文件</Filter>
    </ClCompile>
    <ClCompile Include="OpenSlideRead.cpp">
      <Filter>源文件\SlideRead</Filter>
    </ClCompile>
    <ClCompile Include="SdpcSlideRead.cpp">
      <Filter>源文件\SlideRead</Filter>
    </ClCompile>
    <ClCompile Include="SlideFactory.cpp">
      <Filter>源文件\SlideRead</Filter>
    </ClCompile>
    <ClCompile Include="SlideRead.cpp">
      <Filter>源文件\SlideRead</Filter>
    </ClCompile>
    <ClCompile Include="SrpSlideRead.cpp">
      <Filter>源文件\SlideRead</Filter>
    </ClCompile>
    <ClCompile Include="TaskThread.cpp">
      <Filter>源文件</Filter>
    </ClCompile>
    <ClCompile Include="GetPhoneData.cpp">
      <Filter>源文件</Filter>
    </ClCompile>
  </ItemGroup>
  <ItemGroup>
    <ClInclude Include="Registration.h">
      <Filter>头文件</Filter>
    </ClInclude>
    <ClInclude Include="SrpSlideRead.h">
      <Filter>头文件\SlideRead</Filter>
    </ClInclude>
    <ClInclude Include="SlideFactory.h">
      <Filter>头文件\SlideRead</Filter>
    </ClInclude>
    <ClInclude Include="SlideRead.h">
      <Filter>头文件\SlideRead</Filter>
    </ClInclude>
    <ClInclude Include="SdpcSlideRead.h">
      <Filter>头文件\SlideRead</Filter>
    </ClInclude>
    <ClInclude Include="OpenSlideRead.h">
      <Filter>头文件\SlideRead</Filter>
    </ClInclude>
    <ClInclude Include="commonFunction.h">
      <Filter>头文件</Filter>
    </ClInclude>
    <ClInclude Include="types.h">
      <Filter>头文件</Filter>
    </ClInclude>
    <ClInclude Include="TaskThread.h">
      <Filter>头文件</Filter>
    </ClInclude>
    <ClInclude Include="PopQueueData.h">
      <Filter>头文件</Filter>
    </ClInclude>
    <ClInclude Include="GetPhoneData.h">
      <Filter>头文件</Filter>
    </ClInclude>
  </ItemGroup>
</Project>